
Microsoft Visual Studio Solution File, Format Version 12.00
# Visual Studio Version 16
VisualStudioVersion = 16.0.33529.622
MinimumVisualStudioVersion = 10.0.40219.1
Project("{FAE04EC0-301F-11D3-BF4B-00C04F79EFBC}") = "Csharp Assignment", "Csharp Assignment\Csharp Assignment.csproj", "{A10436FD-00DC-4F11-8D1F-92396B4CA744}"
EndProject
Global
	GlobalSection(SolutionConfigurationPlatforms) = preSolution
		Debug|Any CPU = Debug|Any CPU
		Release|Any CPU = Release|Any CPU
	EndGlobalSection
	GlobalSection(ProjectConfigurationPlatforms) = postSolution
		{A10436FD-00DC-4F11-8D1F-92396B4CA744}.Debug|Any CPU.ActiveCfg = Debug|Any CPU
		{A10436FD-00DC-4F11-8D1F-92396B4CA744}.Debug|Any CPU.Build.0 = Debug|Any CPU
		{A10436FD-00DC-4F11-8D1F-92396B4CA744}.Release|Any CPU.ActiveCfg = Release|Any CPU
		{A10436FD-00DC-4F11-8D1F-92396B4CA744}.Release|Any CPU.Build.0 = Release|Any CPU
	EndGlobalSection
	GlobalSection(SolutionProperties) = preSolution
		HideSolutionNode = FALSE
	EndGlobalSection
	GlobalSection(ExtensibilityGlobals) = postSolution
		SolutionGuid = {127DCC96-82B3-4BED-9085-E1FF40BA59EF}
	EndGlobalSection
EndGlobal
