
Microsoft Visual Studio Solution File, Format Version 12.00
# Visual Studio Version 16
VisualStudioVersion = 16.0.810.25
MinimumVisualStudioVersion = 10.0.40219.1
Project("{FAE04EC0-301F-11D3-BF4B-00C04F79EFBC}") = "NewsLetter", "NewsLetter\NewsLetter.csproj", "{99EEF78B-6F01-4FB4-8D60-941DDF9491B0}"
EndProject
Global
	GlobalSection(SolutionConfigurationPlatforms) = preSolution
		Debug|Any CPU = Debug|Any CPU
		Release|Any CPU = Release|Any CPU
	EndGlobalSection
	GlobalSection(ProjectConfigurationPlatforms) = postSolution
		{99EEF78B-6F01-4FB4-8D60-941DDF9491B0}.Debug|Any CPU.ActiveCfg = Debug|Any CPU
		{99EEF78B-6F01-4FB4-8D60-941DDF9491B0}.Debug|Any CPU.Build.0 = Debug|Any CPU
		{99EEF78B-6F01-4FB4-8D60-941DDF9491B0}.Release|Any CPU.ActiveCfg = Release|Any CPU
		{99EEF78B-6F01-4FB4-8D60-941DDF9491B0}.Release|Any CPU.Build.0 = Release|Any CPU
	EndGlobalSection
	GlobalSection(SolutionProperties) = preSolution
		HideSolutionNode = FALSE
	EndGlobalSection
	GlobalSection(ExtensibilityGlobals) = postSolution
		SolutionGuid = {2A9B84DA-CE10-4FD3-9BD8-ED39411AEDF2}
	EndGlobalSection
EndGlobal
