
Microsoft Visual Studio Solution File, Format Version 12.00
# Visual Studio Version 16
VisualStudioVersion = 16.0.810.25
MinimumVisualStudioVersion = 10.0.40219.1
Project("{FAE04EC0-301F-11D3-BF4B-00C04F79EFBC}") = "MainMethodAssignment", "MainMethodAssignment\MainMethodAssignment.csproj", "{D3CC5FA7-4684-4F97-9878-9213B91CAC25}"
EndProject
Global
	GlobalSection(SolutionConfigurationPlatforms) = preSolution
		Debug|anycpu = Debug|anycpu
		Release|anycpu = Release|anycpu
	EndGlobalSection
	GlobalSection(ProjectConfigurationPlatforms) = postSolution
		{D3CC5FA7-4684-4F97-9878-9213B91CAC25}.Debug|anycpu.ActiveCfg = Debug|anycpu
		{D3CC5FA7-4684-4F97-9878-9213B91CAC25}.Debug|anycpu.Build.0 = Debug|anycpu
		{D3CC5FA7-4684-4F97-9878-9213B91CAC25}.Release|anycpu.ActiveCfg = Release|anycpu
		{D3CC5FA7-4684-4F97-9878-9213B91CAC25}.Release|anycpu.Build.0 = Release|anycpu
	EndGlobalSection
	GlobalSection(SolutionProperties) = preSolution
		HideSolutionNode = FALSE
	EndGlobalSection
	GlobalSection(ExtensibilityGlobals) = postSolution
		SolutionGuid = {D03C78B6-A220-4BCE-AD50-76E8B4646D6D}
	EndGlobalSection
EndGlobal
