
Microsoft Visual Studio Solution File, Format Version 12.00
# Visual Studio Version 16
VisualStudioVersion = 16.0.810.25
MinimumVisualStudioVersion = 10.0.40219.1
Project("{FAE04EC0-301F-11D3-BF4B-00C04F79EFBC}") = "MethodAssignment", "MethodAssignment\MethodAssignment.csproj", "{D5813CE8-9170-43BC-A6E6-48BFCE99BA6D}"
EndProject
Global
	GlobalSection(SolutionConfigurationPlatforms) = preSolution
		Debug|anycpu = Debug|anycpu
		Release|anycpu = Release|anycpu
	EndGlobalSection
	GlobalSection(ProjectConfigurationPlatforms) = postSolution
		{D5813CE8-9170-43BC-A6E6-48BFCE99BA6D}.Debug|anycpu.ActiveCfg = Debug|anycpu
		{D5813CE8-9170-43BC-A6E6-48BFCE99BA6D}.Debug|anycpu.Build.0 = Debug|anycpu
		{D5813CE8-9170-43BC-A6E6-48BFCE99BA6D}.Release|anycpu.ActiveCfg = Release|anycpu
		{D5813CE8-9170-43BC-A6E6-48BFCE99BA6D}.Release|anycpu.Build.0 = Release|anycpu
	EndGlobalSection
	GlobalSection(SolutionProperties) = preSolution
		HideSolutionNode = FALSE
	EndGlobalSection
	GlobalSection(ExtensibilityGlobals) = postSolution
		SolutionGuid = {056AFDA5-FE5A-49DD-83D7-023E247BFE11}
	EndGlobalSection
EndGlobal
