
Microsoft Visual Studio Solution File, Format Version 12.00
# Visual Studio Version 16
VisualStudioVersion = 16.0.810.25
MinimumVisualStudioVersion = 10.0.40219.1
Project("{FAE04EC0-301F-11D3-BF4B-00C04F79EFBC}") = "AbstractClassAssignment", "AbstractClassAssignment\AbstractClassAssignment.csproj", "{DABD5925-CCA1-495B-9D07-2262B3FC9FFA}"
EndProject
Global
	GlobalSection(SolutionConfigurationPlatforms) = preSolution
		Debug|anycpu = Debug|anycpu
		Release|anycpu = Release|anycpu
	EndGlobalSection
	GlobalSection(ProjectConfigurationPlatforms) = postSolution
		{DABD5925-CCA1-495B-9D07-2262B3FC9FFA}.Debug|anycpu.ActiveCfg = Debug|anycpu
		{DABD5925-CCA1-495B-9D07-2262B3FC9FFA}.Debug|anycpu.Build.0 = Debug|anycpu
		{DABD5925-CCA1-495B-9D07-2262B3FC9FFA}.Release|anycpu.ActiveCfg = Release|anycpu
		{DABD5925-CCA1-495B-9D07-2262B3FC9FFA}.Release|anycpu.Build.0 = Release|anycpu
	EndGlobalSection
	GlobalSection(SolutionProperties) = preSolution
		HideSolutionNode = FALSE
	EndGlobalSection
	GlobalSection(ExtensibilityGlobals) = postSolution
		SolutionGuid = {B78EF9BD-5195-4651-9C56-A81150A365C9}
	EndGlobalSection
EndGlobal
